
Microsoft Visual Studio Solution File, Format Version 12.00
# Visual Studio 15
VisualStudioVersion = 15.0.27703.2018
MinimumVisualStudioVersion = 10.0.40219.1
Project("{8BC9CEB8-8B4A-11D0-8D11-00A0C91BC942}") = "GamplyPractical1", "GamplyPractical1\GamplyPractical1.vcxproj", "{D3387158-C065-4220-8DD6-CF597A929E92}"
EndProject
Global
	GlobalSection(SolutionConfigurationPlatforms) = preSolution
		Debug|x64 = Debug|x64
		Debug|x86 = Debug|x86
		Release|x64 = Release|x64
		Release|x86 = Release|x86
	EndGlobalSection
	GlobalSection(ProjectConfigurationPlatforms) = postSolution
		{D3387158-C065-4220-8DD6-CF597A929E92}.Debug|x64.ActiveCfg = Debug|x64
		{D3387158-C065-4220-8DD6-CF597A929E92}.Debug|x64.Build.0 = Debug|x64
		{D3387158-C065-4220-8DD6-CF597A929E92}.Debug|x86.ActiveCfg = Debug|Win32
		{D3387158-C065-4220-8DD6-CF597A929E92}.Debug|x86.Build.0 = Debug|Win32
		{D3387158-C065-4220-8DD6-CF597A929E92}.Release|x64.ActiveCfg = Release|x64
		{D3387158-C065-4220-8DD6-CF597A929E92}.Release|x64.Build.0 = Release|x64
		{D3387158-C065-4220-8DD6-CF597A929E92}.Release|x86.ActiveCfg = Release|Win32
		{D3387158-C065-4220-8DD6-CF597A929E92}.Release|x86.Build.0 = Release|Win32
	EndGlobalSection
	GlobalSection(SolutionProperties) = preSolution
		HideSolutionNode = FALSE
	EndGlobalSection
	GlobalSection(ExtensibilityGlobals) = postSolution
		SolutionGuid = {4DF2D27E-FC19-4575-87DA-2EAF3BCA2B77}
	EndGlobalSection
EndGlobal
